
Microsoft Visual Studio Solution File, Format Version 12.00
# Visual Studio 15
VisualStudioVersion = 15.0.28307.271
MinimumVisualStudioVersion = 10.0.40219.1
Project("{FAE04EC0-301F-11D3-BF4B-00C04F79EFBC}") = "GitTestbed", "GitTestbed.csproj", "{FA782536-872D-4F81-A458-BF30D0DF2DA3}"
EndProject
Global
	GlobalSection(SolutionConfigurationPlatforms) = preSolution
		Debug|Any CPU = Debug|Any CPU
		Release|Any CPU = Release|Any CPU
	EndGlobalSection
	GlobalSection(ProjectConfigurationPlatforms) = postSolution
		{FA782536-872D-4F81-A458-BF30D0DF2DA3}.Debug|Any CPU.ActiveCfg = Debug|Any CPU
		{FA782536-872D-4F81-A458-BF30D0DF2DA3}.Debug|Any CPU.Build.0 = Debug|Any CPU
		{FA782536-872D-4F81-A458-BF30D0DF2DA3}.Release|Any CPU.ActiveCfg = Release|Any CPU
		{FA782536-872D-4F81-A458-BF30D0DF2DA3}.Release|Any CPU.Build.0 = Release|Any CPU
	EndGlobalSection
	GlobalSection(SolutionProperties) = preSolution
		HideSolutionNode = FALSE
	EndGlobalSection
	GlobalSection(ExtensibilityGlobals) = postSolution
		SolutionGuid = {17F492D3-DE74-4232-BC30-C005E34F10B7}
	EndGlobalSection
EndGlobal
